// !$*UTF8*$!
{
	archiveVersion = 1;
	classes = {
	};
	objectVersion = 45;
	objects = {

/* Begin PBXBuildFile section */
		1D3623260D0F684500981E51 /* MagpieAppDelegate.m in Sources */ = {isa = PBXBuildFile; fileRef = 1D3623250D0F684500981E51 /* MagpieAppDelegate.m */; };
		1D60589B0D05DD56006BFB54 /* main.m in Sources */ = {isa = PBXBuildFile; fileRef = 29B97316FDCFA39411CA2CEA /* main.m */; };
		1D60589F0D05DD5A006BFB54 /* Foundation.framework in Frameworks */ = {isa = PBXBuildFile; fileRef = 1D30AB110D05D00D00671497 /* Foundation.framework */; };
		1DF5F4E00D08C38300B7A737 /* UIKit.framework in Frameworks */ = {isa = PBXBuildFile; fileRef = 1DF5F4DF0D08C38300B7A737 /* UIKit.framework */; };
		280E754E0DD40C5E005A515E /* MainView.xib in Resources */ = {isa = PBXBuildFile; fileRef = 280E754B0DD40C5E005A515E /* MainView.xib */; };
		280E754F0DD40C5E005A515E /* MainWindow.xib in Resources */ = {isa = PBXBuildFile; fileRef = 280E754C0DD40C5E005A515E /* MainWindow.xib */; };
		288765590DF743DE002DB57D /* CoreGraphics.framework in Frameworks */ = {isa = PBXBuildFile; fileRef = 288765580DF743DE002DB57D /* CoreGraphics.framework */; };
		289233AE0DB2D0DB0083E9F9 /* MainViewController.m in Sources */ = {isa = PBXBuildFile; fileRef = 289233A90DB2D0DB0083E9F9 /* MainViewController.m */; };
		289233B00DB2D0DB0083E9F9 /* FlipsideViewController.m in Sources */ = {isa = PBXBuildFile; fileRef = 289233AD0DB2D0DB0083E9F9 /* FlipsideViewController.m */; };
		EC180A271024E9E7004CEFFF /* HelpView.m in Sources */ = {isa = PBXBuildFile; fileRef = EC180A261024E9E7004CEFFF /* HelpView.m */; };
		EC341D9D0FD5AAE40003212C /* EntryViewController.m in Sources */ = {isa = PBXBuildFile; fileRef = EC341D9C0FD5AAE40003212C /* EntryViewController.m */; };
		EC341E540FD5C9EE0003212C /* QuickEntryViewController.m in Sources */ = {isa = PBXBuildFile; fileRef = EC341E520FD5C9EE0003212C /* QuickEntryViewController.m */; };
		EC341E550FD5C9EE0003212C /* DataEntryView.xib in Resources */ = {isa = PBXBuildFile; fileRef = EC341E530FD5C9EE0003212C /* DataEntryView.xib */; };
		EC62D18F0FFD09DD00D9191C /* ScreenTableViewCell.m in Sources */ = {isa = PBXBuildFile; fileRef = EC62D18E0FFD09DD00D9191C /* ScreenTableViewCell.m */; };
		EC62D1950FFD0AB400D9191C /* bg-screen.png in Resources */ = {isa = PBXBuildFile; fileRef = EC62D1940FFD0AB400D9191C /* bg-screen.png */; };
		EC6EB8E20FD1B81E00E6F9D8 /* EditableTableViewCell.m in Sources */ = {isa = PBXBuildFile; fileRef = EC6EB8E10FD1B81E00E6F9D8 /* EditableTableViewCell.m */; };
		EC6EB9560FD1CFDC00E6F9D8 /* CategoryViewController.m in Sources */ = {isa = PBXBuildFile; fileRef = EC6EB9550FD1CFDC00E6F9D8 /* CategoryViewController.m */; };
		EC6EB9B20FD1D86400E6F9D8 /* Icon.png in Resources */ = {isa = PBXBuildFile; fileRef = EC6EB9B10FD1D86400E6F9D8 /* Icon.png */; };
		EC799DB01077F48D00A1ADF1 /* Entitlements.plist in Resources */ = {isa = PBXBuildFile; fileRef = EC799DAF1077F48D00A1ADF1 /* Entitlements.plist */; };
		EC799DBF1077F77A00A1ADF1 /* iTunesArtwork in Resources */ = {isa = PBXBuildFile; fileRef = EC799DBE1077F77A00A1ADF1 /* iTunesArtwork */; };
		EC7F4B260FFD229F006612C6 /* SubScreenTableViewCell.m in Sources */ = {isa = PBXBuildFile; fileRef = EC7F4B250FFD229F006612C6 /* SubScreenTableViewCell.m */; };
		EC7F4B410FFD268D006612C6 /* bg-sub-screen.png in Resources */ = {isa = PBXBuildFile; fileRef = EC7F4B400FFD268D006612C6 /* bg-sub-screen.png */; };
		EC84285A10D0A9C0003B8416 /* Category.m in Sources */ = {isa = PBXBuildFile; fileRef = EC84285310D0A9C0003B8416 /* Category.m */; };
		EC84285B10D0A9C0003B8416 /* Display.m in Sources */ = {isa = PBXBuildFile; fileRef = EC84285510D0A9C0003B8416 /* Display.m */; };
		EC84285C10D0A9C0003B8416 /* Entry.m in Sources */ = {isa = PBXBuildFile; fileRef = EC84285710D0A9C0003B8416 /* Entry.m */; };
		EC84285D10D0A9C0003B8416 /* Item.m in Sources */ = {isa = PBXBuildFile; fileRef = EC84285910D0A9C0003B8416 /* Item.m */; };
		EC86C623107A438300CF68F3 /* logo-toolbar.png in Resources */ = {isa = PBXBuildFile; fileRef = EC86C622107A438300CF68F3 /* logo-toolbar.png */; };
		EC86C639107A44DC00CF68F3 /* IntroViewController.m in Sources */ = {isa = PBXBuildFile; fileRef = EC86C638107A44DC00CF68F3 /* IntroViewController.m */; };
		EC86C63B107A45BB00CF68F3 /* IntroView.xib in Resources */ = {isa = PBXBuildFile; fileRef = EC86C63A107A45BB00CF68F3 /* IntroView.xib */; };
		EC86C679107A80F000CF68F3 /* IntroView.m in Sources */ = {isa = PBXBuildFile; fileRef = EC86C678107A80F000CF68F3 /* IntroView.m */; };
		EC86C68C107A8E4D00CF68F3 /* intro-1.png in Resources */ = {isa = PBXBuildFile; fileRef = EC86C689107A8E4D00CF68F3 /* intro-1.png */; };
		EC86C68D107A8E4D00CF68F3 /* intro-2.png in Resources */ = {isa = PBXBuildFile; fileRef = EC86C68A107A8E4D00CF68F3 /* intro-2.png */; };
		EC86C68E107A8E4D00CF68F3 /* intro-3.png in Resources */ = {isa = PBXBuildFile; fileRef = EC86C68B107A8E4D00CF68F3 /* intro-3.png */; };
		EC9D93C11077D9D700A06171 /* CoreData.framework in Frameworks */ = {isa = PBXBuildFile; fileRef = EC9D93C01077D9D700A06171 /* CoreData.framework */; };
		EC9D94881077DA1600A06171 /* Magpie.xcdatamodel in Sources */ = {isa = PBXBuildFile; fileRef = EC9D94871077DA1600A06171 /* Magpie.xcdatamodel */; };
		ECA9691010E4BD6C0005B94C /* DisplayTableViewCell.m in Sources */ = {isa = PBXBuildFile; fileRef = ECA9690F10E4BD6C0005B94C /* DisplayTableViewCell.m */; };
		ECAE8CA2107291390047273C /* Default.png in Resources */ = {isa = PBXBuildFile; fileRef = ECAE8CA1107291390047273C /* Default.png */; };
		ECB752C50FF16CAD007CCBCB /* bg.png in Resources */ = {isa = PBXBuildFile; fileRef = ECB752C40FF16CAD007CCBCB /* bg.png */; };
		ECBB4A0F107BD130009BDFB8 /* AboutView.m in Sources */ = {isa = PBXBuildFile; fileRef = ECBB4A0E107BD130009BDFB8 /* AboutView.m */; };
		ECBB4A12107BD303009BDFB8 /* logo.png in Resources */ = {isa = PBXBuildFile; fileRef = ECBB4A11107BD303009BDFB8 /* logo.png */; };
		ECC882650FF91A5E0092B227 /* SelectPanelColorViewController.m in Sources */ = {isa = PBXBuildFile; fileRef = ECC882640FF91A5E0092B227 /* SelectPanelColorViewController.m */; };
		ECC8828B0FF9232F0092B227 /* PanelColor.m in Sources */ = {isa = PBXBuildFile; fileRef = ECC8828A0FF9232F0092B227 /* PanelColor.m */; };
		ECDAE1630FFAAB1700ABD2BC /* 0-down.png in Resources */ = {isa = PBXBuildFile; fileRef = ECDAE1460FFAAB1700ABD2BC /* 0-down.png */; };
		ECDAE1640FFAAB1700ABD2BC /* 0.png in Resources */ = {isa = PBXBuildFile; fileRef = ECDAE1470FFAAB1700ABD2BC /* 0.png */; };
		ECDAE1650FFAAB1700ABD2BC /* 1-down.png in Resources */ = {isa = PBXBuildFile; fileRef = ECDAE1480FFAAB1700ABD2BC /* 1-down.png */; };
		ECDAE1660FFAAB1700ABD2BC /* 1.png in Resources */ = {isa = PBXBuildFile; fileRef = ECDAE1490FFAAB1700ABD2BC /* 1.png */; };
		ECDAE1670FFAAB1700ABD2BC /* 2-down.png in Resources */ = {isa = PBXBuildFile; fileRef = ECDAE14A0FFAAB1700ABD2BC /* 2-down.png */; };
		ECDAE1680FFAAB1700ABD2BC /* 2.png in Resources */ = {isa = PBXBuildFile; fileRef = ECDAE14B0FFAAB1700ABD2BC /* 2.png */; };
		ECDAE1690FFAAB1700ABD2BC /* 3-down.png in Resources */ = {isa = PBXBuildFile; fileRef = ECDAE14C0FFAAB1700ABD2BC /* 3-down.png */; };
		ECDAE16A0FFAAB1700ABD2BC /* 3.png in Resources */ = {isa = PBXBuildFile; fileRef = ECDAE14D0FFAAB1700ABD2BC /* 3.png */; };
		ECDAE16B0FFAAB1700ABD2BC /* 4-down.png in Resources */ = {isa = PBXBuildFile; fileRef = ECDAE14E0FFAAB1700ABD2BC /* 4-down.png */; };
		ECDAE16C0FFAAB1700ABD2BC /* 4.png in Resources */ = {isa = PBXBuildFile; fileRef = ECDAE14F0FFAAB1700ABD2BC /* 4.png */; };
		ECDAE16D0FFAAB1700ABD2BC /* 5-down.png in Resources */ = {isa = PBXBuildFile; fileRef = ECDAE1500FFAAB1700ABD2BC /* 5-down.png */; };
		ECDAE16E0FFAAB1700ABD2BC /* 5.png in Resources */ = {isa = PBXBuildFile; fileRef = ECDAE1510FFAAB1700ABD2BC /* 5.png */; };
		ECDAE16F0FFAAB1700ABD2BC /* 6-down.png in Resources */ = {isa = PBXBuildFile; fileRef = ECDAE1520FFAAB1700ABD2BC /* 6-down.png */; };
		ECDAE1700FFAAB1700ABD2BC /* 6.png in Resources */ = {isa = PBXBuildFile; fileRef = ECDAE1530FFAAB1700ABD2BC /* 6.png */; };
		ECDAE1710FFAAB1700ABD2BC /* 7-down.png in Resources */ = {isa = PBXBuildFile; fileRef = ECDAE1540FFAAB1700ABD2BC /* 7-down.png */; };
		ECDAE1720FFAAB1700ABD2BC /* 7.png in Resources */ = {isa = PBXBuildFile; fileRef = ECDAE1550FFAAB1700ABD2BC /* 7.png */; };
		ECDAE1730FFAAB1700ABD2BC /* 8-down.png in Resources */ = {isa = PBXBuildFile; fileRef = ECDAE1560FFAAB1700ABD2BC /* 8-down.png */; };
		ECDAE1740FFAAB1700ABD2BC /* 8.png in Resources */ = {isa = PBXBuildFile; fileRef = ECDAE1570FFAAB1700ABD2BC /* 8.png */; };
		ECDAE1750FFAAB1700ABD2BC /* 9-down.png in Resources */ = {isa = PBXBuildFile; fileRef = ECDAE1580FFAAB1700ABD2BC /* 9-down.png */; };
		ECDAE1760FFAAB1700ABD2BC /* 9.png in Resources */ = {isa = PBXBuildFile; fileRef = ECDAE1590FFAAB1700ABD2BC /* 9.png */; };
		ECDAE1770FFAAB1700ABD2BC /* bg-keypad.png in Resources */ = {isa = PBXBuildFile; fileRef = ECDAE15A0FFAAB1700ABD2BC /* bg-keypad.png */; };
		ECDAE1780FFAAB1700ABD2BC /* c-down.png in Resources */ = {isa = PBXBuildFile; fileRef = ECDAE15B0FFAAB1700ABD2BC /* c-down.png */; };
		ECDAE1790FFAAB1700ABD2BC /* c.png in Resources */ = {isa = PBXBuildFile; fileRef = ECDAE15C0FFAAB1700ABD2BC /* c.png */; };
		ECDAE17A0FFAAB1700ABD2BC /* del-down.png in Resources */ = {isa = PBXBuildFile; fileRef = ECDAE15D0FFAAB1700ABD2BC /* del-down.png */; };
		ECDAE17B0FFAAB1700ABD2BC /* del.png in Resources */ = {isa = PBXBuildFile; fileRef = ECDAE15E0FFAAB1700ABD2BC /* del.png */; };
		ECDAE17C0FFAAB1700ABD2BC /* dot-down.png in Resources */ = {isa = PBXBuildFile; fileRef = ECDAE15F0FFAAB1700ABD2BC /* dot-down.png */; };
		ECDAE17D0FFAAB1700ABD2BC /* dot.png in Resources */ = {isa = PBXBuildFile; fileRef = ECDAE1600FFAAB1700ABD2BC /* dot.png */; };
		ECDAE17E0FFAAB1700ABD2BC /* plus-minus-down.png in Resources */ = {isa = PBXBuildFile; fileRef = ECDAE1610FFAAB1700ABD2BC /* plus-minus-down.png */; };
		ECDAE17F0FFAAB1700ABD2BC /* plus-minus.png in Resources */ = {isa = PBXBuildFile; fileRef = ECDAE1620FFAAB1700ABD2BC /* plus-minus.png */; };
		ECDB5B7A0FF3291100FC52FA /* gear.png in Resources */ = {isa = PBXBuildFile; fileRef = ECDB5B790FF3291100FC52FA /* gear.png */; };
		ECE93A960FD8D48D006BA407 /* KeyPadViewController.m in Sources */ = {isa = PBXBuildFile; fileRef = ECE93A950FD8D48D006BA407 /* KeyPadViewController.m */; };
		ECE93A980FD8D5A6006BA407 /* KeyPadView.xib in Resources */ = {isa = PBXBuildFile; fileRef = ECE93A970FD8D5A6006BA407 /* KeyPadView.xib */; };
		ECECDB5E10FDEBD200B47F5E /* placeholder.png in Resources */ = {isa = PBXBuildFile; fileRef = ECECDB5D10FDEBD200B47F5E /* placeholder.png */; };
		ECF3624F10E194A200EE5FBD /* StatOperation.m in Sources */ = {isa = PBXBuildFile; fileRef = ECF3624E10E194A200EE5FBD /* StatOperation.m */; };
		ECFB00510FD46F6600EEE684 /* DisplayViewController.m in Sources */ = {isa = PBXBuildFile; fileRef = ECFB00500FD46F6600EEE684 /* DisplayViewController.m */; };
		ECFB00B80FD4830300EEE684 /* SelectCategoryViewController.m in Sources */ = {isa = PBXBuildFile; fileRef = ECFB00B70FD4830300EEE684 /* SelectCategoryViewController.m */; };
		ECFB01450FD48F3B00EEE684 /* SelectPanelTypeViewController.m in Sources */ = {isa = PBXBuildFile; fileRef = ECFB01440FD48F3B00EEE684 /* SelectPanelTypeViewController.m */; };
		ECFB01650FD49CE000EEE684 /* SelectableTableViewCell.m in Sources */ = {isa = PBXBuildFile; fileRef = ECFB01640FD49CE000EEE684 /* SelectableTableViewCell.m */; };
		ECFB01E90FD4AD3900EEE684 /* InfoTableViewCell.m in Sources */ = {isa = PBXBuildFile; fileRef = ECFB01E80FD4AD3900EEE684 /* InfoTableViewCell.m */; };
/* End PBXBuildFile section */

/* Begin PBXFileReference section */
		1D30AB110D05D00D00671497 /* Foundation.framework */ = {isa = PBXFileReference; lastKnownFileType = wrapper.framework; name = Foundation.framework; path = System/Library/Frameworks/Foundation.framework; sourceTree = SDKROOT; };
		1D3623240D0F684500981E51 /* MagpieAppDelegate.h */ = {isa = PBXFileReference; fileEncoding = 4; lastKnownFileType = sourcecode.c.h; path = MagpieAppDelegate.h; sourceTree = "<group>"; };
		1D3623250D0F684500981E51 /* MagpieAppDelegate.m */ = {isa = PBXFileReference; fileEncoding = 4; lastKnownFileType = sourcecode.c.objc; path = MagpieAppDelegate.m; sourceTree = "<group>"; };
		1D6058910D05DD3D006BFB54 /* Magpie.app */ = {isa = PBXFileReference; explicitFileType = wrapper.application; includeInIndex = 0; path = Magpie.app; sourceTree = BUILT_PRODUCTS_DIR; };
		1DF5F4DF0D08C38300B7A737 /* UIKit.framework */ = {isa = PBXFileReference; lastKnownFileType = wrapper.framework; name = UIKit.framework; path = System/Library/Frameworks/UIKit.framework; sourceTree = SDKROOT; };
		280E754B0DD40C5E005A515E /* MainView.xib */ = {isa = PBXFileReference; lastKnownFileType = file.xib; path = MainView.xib; sourceTree = "<group>"; };
		280E754C0DD40C5E005A515E /* MainWindow.xib */ = {isa = PBXFileReference; lastKnownFileType = file.xib; path = MainWindow.xib; sourceTree = "<group>"; };
		288765580DF743DE002DB57D /* CoreGraphics.framework */ = {isa = PBXFileReference; lastKnownFileType = wrapper.framework; name = CoreGraphics.framework; path = System/Library/Frameworks/CoreGraphics.framework; sourceTree = SDKROOT; };
		289233A80DB2D0DB0083E9F9 /* MainViewController.h */ = {isa = PBXFileReference; fileEncoding = 4; lastKnownFileType = sourcecode.c.h; name = MainViewController.h; path = Classes/MainViewController.h; sourceTree = "<group>"; };
		289233A90DB2D0DB0083E9F9 /* MainViewController.m */ = {isa = PBXFileReference; fileEncoding = 4; lastKnownFileType = sourcecode.c.objc; name = MainViewController.m; path = Classes/MainViewController.m; sourceTree = "<group>"; };
		289233AC0DB2D0DB0083E9F9 /* FlipsideViewController.h */ = {isa = PBXFileReference; fileEncoding = 4; lastKnownFileType = sourcecode.c.h; name = FlipsideViewController.h; path = Classes/FlipsideViewController.h; sourceTree = "<group>"; };
		289233AD0DB2D0DB0083E9F9 /* FlipsideViewController.m */ = {isa = PBXFileReference; fileEncoding = 4; lastKnownFileType = sourcecode.c.objc; name = FlipsideViewController.m; path = Classes/FlipsideViewController.m; sourceTree = "<group>"; };
		29B97316FDCFA39411CA2CEA /* main.m */ = {isa = PBXFileReference; fileEncoding = 4; lastKnownFileType = sourcecode.c.objc; path = main.m; sourceTree = "<group>"; };
		32CA4F630368D1EE00C91783 /* Magpie_Prefix.pch */ = {isa = PBXFileReference; fileEncoding = 4; lastKnownFileType = sourcecode.c.h; path = Magpie_Prefix.pch; sourceTree = "<group>"; };
		8D1107310486CEB800E47090 /* Magpie-Info.plist */ = {isa = PBXFileReference; fileEncoding = 4; lastKnownFileType = text.plist.xml; path = "Magpie-Info.plist"; plistStructureDefinitionIdentifier = "com.apple.xcode.plist.structure-definition.iphone.info-plist"; sourceTree = "<group>"; };
		EC180A251024E9E7004CEFFF /* HelpView.h */ = {isa = PBXFileReference; fileEncoding = 4; lastKnownFileType = sourcecode.c.h; path = HelpView.h; sourceTree = "<group>"; };
		EC180A261024E9E7004CEFFF /* HelpView.m */ = {isa = PBXFileReference; fileEncoding = 4; lastKnownFileType = sourcecode.c.objc; path = HelpView.m; sourceTree = "<group>"; };
		EC341D9B0FD5AAE40003212C /* EntryViewController.h */ = {isa = PBXFileReference; fileEncoding = 4; lastKnownFileType = sourcecode.c.h; path = EntryViewController.h; sourceTree = "<group>"; };
		EC341D9C0FD5AAE40003212C /* EntryViewController.m */ = {isa = PBXFileReference; fileEncoding = 4; lastKnownFileType = sourcecode.c.objc; path = EntryViewController.m; sourceTree = "<group>"; };
		EC341E510FD5C9EE0003212C /* QuickEntryViewController.h */ = {isa = PBXFileReference; fileEncoding = 4; lastKnownFileType = sourcecode.c.h; path = QuickEntryViewController.h; sourceTree = "<group>"; };
		EC341E520FD5C9EE0003212C /* QuickEntryViewController.m */ = {isa = PBXFileReference; fileEncoding = 4; lastKnownFileType = sourcecode.c.objc; path = QuickEntryViewController.m; sourceTree = "<group>"; };
		EC341E530FD5C9EE0003212C /* DataEntryView.xib */ = {isa = PBXFileReference; lastKnownFileType = file.xib; path = DataEntryView.xib; sourceTree = "<group>"; };
		EC62D18D0FFD09DD00D9191C /* ScreenTableViewCell.h */ = {isa = PBXFileReference; fileEncoding = 4; lastKnownFileType = sourcecode.c.h; path = ScreenTableViewCell.h; sourceTree = "<group>"; };
		EC62D18E0FFD09DD00D9191C /* ScreenTableViewCell.m */ = {isa = PBXFileReference; fileEncoding = 4; lastKnownFileType = sourcecode.c.objc; path = ScreenTableViewCell.m; sourceTree = "<group>"; };
		EC62D1940FFD0AB400D9191C /* bg-screen.png */ = {isa = PBXFileReference; lastKnownFileType = image.png; path = "bg-screen.png"; sourceTree = "<group>"; };
		EC6EB8E00FD1B81E00E6F9D8 /* EditableTableViewCell.h */ = {isa = PBXFileReference; fileEncoding = 4; lastKnownFileType = sourcecode.c.h; path = EditableTableViewCell.h; sourceTree = "<group>"; };
		EC6EB8E10FD1B81E00E6F9D8 /* EditableTableViewCell.m */ = {isa = PBXFileReference; fileEncoding = 4; lastKnownFileType = sourcecode.c.objc; path = EditableTableViewCell.m; sourceTree = "<group>"; };
		EC6EB9540FD1CFDC00E6F9D8 /* CategoryViewController.h */ = {isa = PBXFileReference; fileEncoding = 4; lastKnownFileType = sourcecode.c.h; path = CategoryViewController.h; sourceTree = "<group>"; };
		EC6EB9550FD1CFDC00E6F9D8 /* CategoryViewController.m */ = {isa = PBXFileReference; fileEncoding = 4; lastKnownFileType = sourcecode.c.objc; path = CategoryViewController.m; sourceTree = "<group>"; };
		EC6EB9B10FD1D86400E6F9D8 /* Icon.png */ = {isa = PBXFileReference; lastKnownFileType = image.png; path = Icon.png; sourceTree = "<group>"; };
		EC799DAF1077F48D00A1ADF1 /* Entitlements.plist */ = {isa = PBXFileReference; fileEncoding = 4; lastKnownFileType = text.plist.xml; path = Entitlements.plist; sourceTree = "<group>"; };
		EC799DBE1077F77A00A1ADF1 /* iTunesArtwork */ = {isa = PBXFileReference; lastKnownFileType = file; path = iTunesArtwork; sourceTree = "<group>"; };
		EC7F4B240FFD229F006612C6 /* SubScreenTableViewCell.h */ = {isa = PBXFileReference; fileEncoding = 4; lastKnownFileType = sourcecode.c.h; path = SubScreenTableViewCell.h; sourceTree = "<group>"; };
		EC7F4B250FFD229F006612C6 /* SubScreenTableViewCell.m */ = {isa = PBXFileReference; fileEncoding = 4; lastKnownFileType = sourcecode.c.objc; path = SubScreenTableViewCell.m; sourceTree = "<group>"; };
		EC7F4B400FFD268D006612C6 /* bg-sub-screen.png */ = {isa = PBXFileReference; lastKnownFileType = image.png; path = "bg-sub-screen.png"; sourceTree = "<group>"; };
		EC84285210D0A9C0003B8416 /* Category.h */ = {isa = PBXFileReference; fileEncoding = 4; lastKnownFileType = sourcecode.c.h; path = Category.h; sourceTree = "<group>"; };
		EC84285310D0A9C0003B8416 /* Category.m */ = {isa = PBXFileReference; fileEncoding = 4; lastKnownFileType = sourcecode.c.objc; path = Category.m; sourceTree = "<group>"; };
		EC84285410D0A9C0003B8416 /* Display.h */ = {isa = PBXFileReference; fileEncoding = 4; lastKnownFileType = sourcecode.c.h; path = Display.h; sourceTree = "<group>"; };
		EC84285510D0A9C0003B8416 /* Display.m */ = {isa = PBXFileReference; fileEncoding = 4; lastKnownFileType = sourcecode.c.objc; path = Display.m; sourceTree = "<group>"; };
		EC84285610D0A9C0003B8416 /* Entry.h */ = {isa = PBXFileReference; fileEncoding = 4; lastKnownFileType = sourcecode.c.h; path = Entry.h; sourceTree = "<group>"; };
		EC84285710D0A9C0003B8416 /* Entry.m */ = {isa = PBXFileReference; fileEncoding = 4; lastKnownFileType = sourcecode.c.objc; path = Entry.m; sourceTree = "<group>"; };
		EC84285810D0A9C0003B8416 /* Item.h */ = {isa = PBXFileReference; fileEncoding = 4; lastKnownFileType = sourcecode.c.h; path = Item.h; sourceTree = "<group>"; };
		EC84285910D0A9C0003B8416 /* Item.m */ = {isa = PBXFileReference; fileEncoding = 4; lastKnownFileType = sourcecode.c.objc; path = Item.m; sourceTree = "<group>"; };
		EC86C622107A438300CF68F3 /* logo-toolbar.png */ = {isa = PBXFileReference; lastKnownFileType = image.png; path = "logo-toolbar.png"; sourceTree = "<group>"; };
		EC86C637107A44DC00CF68F3 /* IntroViewController.h */ = {isa = PBXFileReference; fileEncoding = 4; lastKnownFileType = sourcecode.c.h; path = IntroViewController.h; sourceTree = "<group>"; };
		EC86C638107A44DC00CF68F3 /* IntroViewController.m */ = {isa = PBXFileReference; fileEncoding = 4; lastKnownFileType = sourcecode.c.objc; path = IntroViewController.m; sourceTree = "<group>"; };
		EC86C63A107A45BB00CF68F3 /* IntroView.xib */ = {isa = PBXFileReference; lastKnownFileType = file.xib; path = IntroView.xib; sourceTree = "<group>"; };
		EC86C677107A80F000CF68F3 /* IntroView.h */ = {isa = PBXFileReference; fileEncoding = 4; lastKnownFileType = sourcecode.c.h; path = IntroView.h; sourceTree = "<group>"; };
		EC86C678107A80F000CF68F3 /* IntroView.m */ = {isa = PBXFileReference; fileEncoding = 4; lastKnownFileType = sourcecode.c.objc; path = IntroView.m; sourceTree = "<group>"; };
		EC86C689107A8E4D00CF68F3 /* intro-1.png */ = {isa = PBXFileReference; lastKnownFileType = image.png; path = "intro-1.png"; sourceTree = "<group>"; };
		EC86C68A107A8E4D00CF68F3 /* intro-2.png */ = {isa = PBXFileReference; lastKnownFileType = image.png; path = "intro-2.png"; sourceTree = "<group>"; };
		EC86C68B107A8E4D00CF68F3 /* intro-3.png */ = {isa = PBXFileReference; lastKnownFileType = image.png; path = "intro-3.png"; sourceTree = "<group>"; };
		EC9D93C01077D9D700A06171 /* CoreData.framework */ = {isa = PBXFileReference; lastKnownFileType = wrapper.framework; name = CoreData.framework; path = System/Library/Frameworks/CoreData.framework; sourceTree = SDKROOT; };
		EC9D94871077DA1600A06171 /* Magpie.xcdatamodel */ = {isa = PBXFileReference; fileEncoding = 4; lastKnownFileType = wrapper.xcdatamodel; path = Magpie.xcdatamodel; sourceTree = "<group>"; };
		ECA9690E10E4BD6C0005B94C /* DisplayTableViewCell.h */ = {isa = PBXFileReference; fileEncoding = 4; lastKnownFileType = sourcecode.c.h; path = DisplayTableViewCell.h; sourceTree = "<group>"; };
		ECA9690F10E4BD6C0005B94C /* DisplayTableViewCell.m */ = {isa = PBXFileReference; fileEncoding = 4; lastKnownFileType = sourcecode.c.objc; path = DisplayTableViewCell.m; sourceTree = "<group>"; };
		ECAE8CA1107291390047273C /* Default.png */ = {isa = PBXFileReference; lastKnownFileType = image.png; path = Default.png; sourceTree = "<group>"; };
		ECB752C40FF16CAD007CCBCB /* bg.png */ = {isa = PBXFileReference; lastKnownFileType = image.png; path = bg.png; sourceTree = "<group>"; };
		ECBB4A0D107BD130009BDFB8 /* AboutView.h */ = {isa = PBXFileReference; fileEncoding = 4; lastKnownFileType = sourcecode.c.h; path = AboutView.h; sourceTree = "<group>"; };
		ECBB4A0E107BD130009BDFB8 /* AboutView.m */ = {isa = PBXFileReference; fileEncoding = 4; lastKnownFileType = sourcecode.c.objc; path = AboutView.m; sourceTree = "<group>"; };
		ECBB4A11107BD303009BDFB8 /* logo.png */ = {isa = PBXFileReference; lastKnownFileType = image.png; path = logo.png; sourceTree = "<group>"; };
		ECC882630FF91A5E0092B227 /* SelectPanelColorViewController.h */ = {isa = PBXFileReference; fileEncoding = 4; lastKnownFileType = sourcecode.c.h; path = SelectPanelColorViewController.h; sourceTree = "<group>"; };
		ECC882640FF91A5E0092B227 /* SelectPanelColorViewController.m */ = {isa = PBXFileReference; fileEncoding = 4; lastKnownFileType = sourcecode.c.objc; path = SelectPanelColorViewController.m; sourceTree = "<group>"; };
		ECC882890FF9232F0092B227 /* PanelColor.h */ = {isa = PBXFileReference; fileEncoding = 4; lastKnownFileType = sourcecode.c.h; path = PanelColor.h; sourceTree = "<group>"; };
		ECC8828A0FF9232F0092B227 /* PanelColor.m */ = {isa = PBXFileReference; fileEncoding = 4; lastKnownFileType = sourcecode.c.objc; path = PanelColor.m; sourceTree = "<group>"; };
		ECDAE1460FFAAB1700ABD2BC /* 0-down.png */ = {isa = PBXFileReference; lastKnownFileType = image.png; path = "0-down.png"; sourceTree = "<group>"; };
		ECDAE1470FFAAB1700ABD2BC /* 0.png */ = {isa = PBXFileReference; lastKnownFileType = image.png; path = 0.png; sourceTree = "<group>"; };
		ECDAE1480FFAAB1700ABD2BC /* 1-down.png */ = {isa = PBXFileReference; lastKnownFileType = image.png; path = "1-down.png"; sourceTree = "<group>"; };
		ECDAE1490FFAAB1700ABD2BC /* 1.png */ = {isa = PBXFileReference; lastKnownFileType = image.png; path = 1.png; sourceTree = "<group>"; };
		ECDAE14A0FFAAB1700ABD2BC /* 2-down.png */ = {isa = PBXFileReference; lastKnownFileType = image.png; path = "2-down.png"; sourceTree = "<group>"; };
		ECDAE14B0FFAAB1700ABD2BC /* 2.png */ = {isa = PBXFileReference; lastKnownFileType = image.png; path = 2.png; sourceTree = "<group>"; };
		ECDAE14C0FFAAB1700ABD2BC /* 3-down.png */ = {isa = PBXFileReference; lastKnownFileType = image.png; path = "3-down.png"; sourceTree = "<group>"; };
		ECDAE14D0FFAAB1700ABD2BC /* 3.png */ = {isa = PBXFileReference; lastKnownFileType = image.png; path = 3.png; sourceTree = "<group>"; };
		ECDAE14E0FFAAB1700ABD2BC /* 4-down.png */ = {isa = PBXFileReference; lastKnownFileType = image.png; path = "4-down.png"; sourceTree = "<group>"; };
		ECDAE14F0FFAAB1700ABD2BC /* 4.png */ = {isa = PBXFileReference; lastKnownFileType = image.png; path = 4.png; sourceTree = "<group>"; };
		ECDAE1500FFAAB1700ABD2BC /* 5-down.png */ = {isa = PBXFileReference; lastKnownFileType = image.png; path = "5-down.png"; sourceTree = "<group>"; };
		ECDAE1510FFAAB1700ABD2BC /* 5.png */ = {isa = PBXFileReference; lastKnownFileType = image.png; path = 5.png; sourceTree = "<group>"; };
		ECDAE1520FFAAB1700ABD2BC /* 6-down.png */ = {isa = PBXFileReference; lastKnownFileType = image.png; path = "6-down.png"; sourceTree = "<group>"; };
		ECDAE1530FFAAB1700ABD2BC /* 6.png */ = {isa = PBXFileReference; lastKnownFileType = image.png; path = 6.png; sourceTree = "<group>"; };
		ECDAE1540FFAAB1700ABD2BC /* 7-down.png */ = {isa = PBXFileReference; lastKnownFileType = image.png; path = "7-down.png"; sourceTree = "<group>"; };
		ECDAE1550FFAAB1700ABD2BC /* 7.png */ = {isa = PBXFileReference; lastKnownFileType = image.png; path = 7.png; sourceTree = "<group>"; };
		ECDAE1560FFAAB1700ABD2BC /* 8-down.png */ = {isa = PBXFileReference; lastKnownFileType = image.png; path = "8-down.png"; sourceTree = "<group>"; };
		ECDAE1570FFAAB1700ABD2BC /* 8.png */ = {isa = PBXFileReference; lastKnownFileType = image.png; path = 8.png; sourceTree = "<group>"; };
		ECDAE1580FFAAB1700ABD2BC /* 9-down.png */ = {isa = PBXFileReference; lastKnownFileType = image.png; path = "9-down.png"; sourceTree = "<group>"; };
		ECDAE1590FFAAB1700ABD2BC /* 9.png */ = {isa = PBXFileReference; lastKnownFileType = image.png; path = 9.png; sourceTree = "<group>"; };
		ECDAE15A0FFAAB1700ABD2BC /* bg-keypad.png */ = {isa = PBXFileReference; lastKnownFileType = image.png; path = "bg-keypad.png"; sourceTree = "<group>"; };
		ECDAE15B0FFAAB1700ABD2BC /* c-down.png */ = {isa = PBXFileReference; lastKnownFileType = image.png; path = "c-down.png"; sourceTree = "<group>"; };
		ECDAE15C0FFAAB1700ABD2BC /* c.png */ = {isa = PBXFileReference; lastKnownFileType = image.png; path = c.png; sourceTree = "<group>"; };
		ECDAE15D0FFAAB1700ABD2BC /* del-down.png */ = {isa = PBXFileReference; lastKnownFileType = image.png; path = "del-down.png"; sourceTree = "<group>"; };
		ECDAE15E0FFAAB1700ABD2BC /* del.png */ = {isa = PBXFileReference; lastKnownFileType = image.png; path = del.png; sourceTree = "<group>"; };
		ECDAE15F0FFAAB1700ABD2BC /* dot-down.png */ = {isa = PBXFileReference; lastKnownFileType = image.png; path = "dot-down.png"; sourceTree = "<group>"; };
		ECDAE1600FFAAB1700ABD2BC /* dot.png */ = {isa = PBXFileReference; lastKnownFileType = image.png; path = dot.png; sourceTree = "<group>"; };
		ECDAE1610FFAAB1700ABD2BC /* plus-minus-down.png */ = {isa = PBXFileReference; lastKnownFileType = image.png; path = "plus-minus-down.png"; sourceTree = "<group>"; };
		ECDAE1620FFAAB1700ABD2BC /* plus-minus.png */ = {isa = PBXFileReference; lastKnownFileType = image.png; path = "plus-minus.png"; sourceTree = "<group>"; };
		ECDB5B790FF3291100FC52FA /* gear.png */ = {isa = PBXFileReference; lastKnownFileType = image.png; path = gear.png; sourceTree = "<group>"; };
		ECE93A940FD8D48D006BA407 /* KeyPadViewController.h */ = {isa = PBXFileReference; fileEncoding = 4; lastKnownFileType = sourcecode.c.h; path = KeyPadViewController.h; sourceTree = "<group>"; };
		ECE93A950FD8D48D006BA407 /* KeyPadViewController.m */ = {isa = PBXFileReference; fileEncoding = 4; lastKnownFileType = sourcecode.c.objc; path = KeyPadViewController.m; sourceTree = "<group>"; };
		ECE93A970FD8D5A6006BA407 /* KeyPadView.xib */ = {isa = PBXFileReference; lastKnownFileType = file.xib; path = KeyPadView.xib; sourceTree = "<group>"; };
		ECECDB5D10FDEBD200B47F5E /* placeholder.png */ = {isa = PBXFileReference; lastKnownFileType = image.png; path = placeholder.png; sourceTree = "<group>"; };
		ECF3624D10E194A200EE5FBD /* StatOperation.h */ = {isa = PBXFileReference; fileEncoding = 4; lastKnownFileType = sourcecode.c.h; path = StatOperation.h; sourceTree = "<group>"; };
		ECF3624E10E194A200EE5FBD /* StatOperation.m */ = {isa = PBXFileReference; fileEncoding = 4; lastKnownFileType = sourcecode.c.objc; path = StatOperation.m; sourceTree = "<group>"; };
		ECFB004F0FD46F6600EEE684 /* DisplayViewController.h */ = {isa = PBXFileReference; fileEncoding = 4; lastKnownFileType = sourcecode.c.h; path = DisplayViewController.h; sourceTree = "<group>"; };
		ECFB00500FD46F6600EEE684 /* DisplayViewController.m */ = {isa = PBXFileReference; fileEncoding = 4; lastKnownFileType = sourcecode.c.objc; path = DisplayViewController.m; sourceTree = "<group>"; };
		ECFB00B60FD4830300EEE684 /* SelectCategoryViewController.h */ = {isa = PBXFileReference; fileEncoding = 4; lastKnownFileType = sourcecode.c.h; path = SelectCategoryViewController.h; sourceTree = "<group>"; };
		ECFB00B70FD4830300EEE684 /* SelectCategoryViewController.m */ = {isa = PBXFileReference; fileEncoding = 4; lastKnownFileType = sourcecode.c.objc; path = SelectCategoryViewController.m; sourceTree = "<group>"; };
		ECFB01430FD48F3B00EEE684 /* SelectPanelTypeViewController.h */ = {isa = PBXFileReference; fileEncoding = 4; lastKnownFileType = sourcecode.c.h; path = SelectPanelTypeViewController.h; sourceTree = "<group>"; };
		ECFB01440FD48F3B00EEE684 /* SelectPanelTypeViewController.m */ = {isa = PBXFileReference; fileEncoding = 4; lastKnownFileType = sourcecode.c.objc; path = SelectPanelTypeViewController.m; sourceTree = "<group>"; };
		ECFB01630FD49CE000EEE684 /* SelectableTableViewCell.h */ = {isa = PBXFileReference; fileEncoding = 4; lastKnownFileType = sourcecode.c.h; path = SelectableTableViewCell.h; sourceTree = "<group>"; };
		ECFB01640FD49CE000EEE684 /* SelectableTableViewCell.m */ = {isa = PBXFileReference; fileEncoding = 4; lastKnownFileType = sourcecode.c.objc; path = SelectableTableViewCell.m; sourceTree = "<group>"; };
		ECFB01E70FD4AD3900EEE684 /* InfoTableViewCell.h */ = {isa = PBXFileReference; fileEncoding = 4; lastKnownFileType = sourcecode.c.h; path = InfoTableViewCell.h; sourceTree = "<group>"; };
		ECFB01E80FD4AD3900EEE684 /* InfoTableViewCell.m */ = {isa = PBXFileReference; fileEncoding = 4; lastKnownFileType = sourcecode.c.objc; path = InfoTableViewCell.m; sourceTree = "<group>"; };
/* End PBXFileReference section */

/* Begin PBXFrameworksBuildPhase section */
		1D60588F0D05DD3D006BFB54 /* Frameworks */ = {
			isa = PBXFrameworksBuildPhase;
			buildActionMask = 2147483647;
			files = (
				1D60589F0D05DD5A006BFB54 /* Foundation.framework in Frameworks */,
				1DF5F4E00D08C38300B7A737 /* UIKit.framework in Frameworks */,
				288765590DF743DE002DB57D /* CoreGraphics.framework in Frameworks */,
				EC9D93C11077D9D700A06171 /* CoreData.framework in Frameworks */,
			);
			runOnlyForDeploymentPostprocessing = 0;
		};
/* End PBXFrameworksBuildPhase section */

/* Begin PBXGroup section */
		080E96DDFE201D6D7F000001 /* Application Delegate */ = {
			isa = PBXGroup;
			children = (
				1D3623240D0F684500981E51 /* MagpieAppDelegate.h */,
				1D3623250D0F684500981E51 /* MagpieAppDelegate.m */,
			);
			name = "Application Delegate";
			path = Classes;
			sourceTree = "<group>";
		};
		19C28FACFE9D520D11CA2CBB /* Products */ = {
			isa = PBXGroup;
			children = (
				1D6058910D05DD3D006BFB54 /* Magpie.app */,
			);
			name = Products;
			sourceTree = "<group>";
		};
		29B97314FDCFA39411CA2CEA /* CustomTemplate */ = {
			isa = PBXGroup;
			children = (
				EC799DAF1077F48D00A1ADF1 /* Entitlements.plist */,
				EC84285110D0A9AA003B8416 /* Models */,
				ECF3624C10E1947E00EE5FBD /* Stats */,
				ECFB03390FD4D7F100EEE684 /* Views */,
				EC6EB8DF0FD1B7F500E6F9D8 /* Table View Cells */,
				EC6EB88B0FD1A58C00E6F9D8 /* View Controllers */,
				080E96DDFE201D6D7F000001 /* Application Delegate */,
				29B97315FDCFA39411CA2CEA /* Other Sources */,
				29B97317FDCFA39411CA2CEA /* Resources */,
				29B97323FDCFA39411CA2CEA /* Frameworks */,
				19C28FACFE9D520D11CA2CBB /* Products */,
			);
			name = CustomTemplate;
			sourceTree = "<group>";
		};
		29B97315FDCFA39411CA2CEA /* Other Sources */ = {
			isa = PBXGroup;
			children = (
				32CA4F630368D1EE00C91783 /* Magpie_Prefix.pch */,
				29B97316FDCFA39411CA2CEA /* main.m */,
			);
			name = "Other Sources";
			sourceTree = "<group>";
		};
		29B97317FDCFA39411CA2CEA /* Resources */ = {
			isa = PBXGroup;
			children = (
				EC799DBE1077F77A00A1ADF1 /* iTunesArtwork */,
				ECDAE1450FFAAB1700ABD2BC /* keypad */,
				EC86C688107A8E4D00CF68F3 /* intro */,
				ECECDB5D10FDEBD200B47F5E /* placeholder.png */,
				ECDB5B790FF3291100FC52FA /* gear.png */,
				ECB752C40FF16CAD007CCBCB /* bg.png */,
				EC86C622107A438300CF68F3 /* logo-toolbar.png */,
				ECAE8CA1107291390047273C /* Default.png */,
				EC6EB9B10FD1D86400E6F9D8 /* Icon.png */,
				ECBB4A11107BD303009BDFB8 /* logo.png */,
				280E754B0DD40C5E005A515E /* MainView.xib */,
				280E754C0DD40C5E005A515E /* MainWindow.xib */,
				EC341E530FD5C9EE0003212C /* DataEntryView.xib */,
				8D1107310486CEB800E47090 /* Magpie-Info.plist */,
				ECE93A970FD8D5A6006BA407 /* KeyPadView.xib */,
				EC9D94871077DA1600A06171 /* Magpie.xcdatamodel */,
				EC86C63A107A45BB00CF68F3 /* IntroView.xib */,
			);
			name = Resources;
			sourceTree = "<group>";
		};
		29B97323FDCFA39411CA2CEA /* Frameworks */ = {
			isa = PBXGroup;
			children = (
				EC9D93C01077D9D700A06171 /* CoreData.framework */,
				1DF5F4DF0D08C38300B7A737 /* UIKit.framework */,
				1D30AB110D05D00D00671497 /* Foundation.framework */,
				288765580DF743DE002DB57D /* CoreGraphics.framework */,
			);
			name = Frameworks;
			sourceTree = "<group>";
		};
		EC18AA6610CCCF5E00A79573 /* Category Controllers */ = {
			isa = PBXGroup;
			children = (
				EC6EB9540FD1CFDC00E6F9D8 /* CategoryViewController.h */,
				EC6EB9550FD1CFDC00E6F9D8 /* CategoryViewController.m */,
				EC341D9B0FD5AAE40003212C /* EntryViewController.h */,
				EC341D9C0FD5AAE40003212C /* EntryViewController.m */,
				EC341E510FD5C9EE0003212C /* QuickEntryViewController.h */,
				EC341E520FD5C9EE0003212C /* QuickEntryViewController.m */,
				ECE93A940FD8D48D006BA407 /* KeyPadViewController.h */,
				ECE93A950FD8D48D006BA407 /* KeyPadViewController.m */,
			);
			name = "Category Controllers";
			sourceTree = "<group>";
		};
		EC18AA6710CCCF6A00A79573 /* Display Controllers */ = {
			isa = PBXGroup;
			children = (
				ECFB004F0FD46F6600EEE684 /* DisplayViewController.h */,
				ECFB00500FD46F6600EEE684 /* DisplayViewController.m */,
				ECFB00B60FD4830300EEE684 /* SelectCategoryViewController.h */,
				ECFB00B70FD4830300EEE684 /* SelectCategoryViewController.m */,
				ECFB01430FD48F3B00EEE684 /* SelectPanelTypeViewController.h */,
				ECFB01440FD48F3B00EEE684 /* SelectPanelTypeViewController.m */,
				ECC882630FF91A5E0092B227 /* SelectPanelColorViewController.h */,
				ECC882640FF91A5E0092B227 /* SelectPanelColorViewController.m */,
			);
			name = "Display Controllers";
			sourceTree = "<group>";
		};
		EC6EB88B0FD1A58C00E6F9D8 /* View Controllers */ = {
			isa = PBXGroup;
			children = (
				289233A80DB2D0DB0083E9F9 /* MainViewController.h */,
				289233A90DB2D0DB0083E9F9 /* MainViewController.m */,
				289233AC0DB2D0DB0083E9F9 /* FlipsideViewController.h */,
				289233AD0DB2D0DB0083E9F9 /* FlipsideViewController.m */,
				EC86C637107A44DC00CF68F3 /* IntroViewController.h */,
				EC86C638107A44DC00CF68F3 /* IntroViewController.m */,
				EC18AA6610CCCF5E00A79573 /* Category Controllers */,
				EC18AA6710CCCF6A00A79573 /* Display Controllers */,
			);
			name = "View Controllers";
			sourceTree = "<group>";
		};
		EC6EB8DF0FD1B7F500E6F9D8 /* Table View Cells */ = {
			isa = PBXGroup;
			children = (
				EC6EB8E00FD1B81E00E6F9D8 /* EditableTableViewCell.h */,
				EC6EB8E10FD1B81E00E6F9D8 /* EditableTableViewCell.m */,
				ECFB01630FD49CE000EEE684 /* SelectableTableViewCell.h */,
				ECFB01640FD49CE000EEE684 /* SelectableTableViewCell.m */,
				ECFB01E70FD4AD3900EEE684 /* InfoTableViewCell.h */,
				ECFB01E80FD4AD3900EEE684 /* InfoTableViewCell.m */,
				EC62D18D0FFD09DD00D9191C /* ScreenTableViewCell.h */,
				EC62D18E0FFD09DD00D9191C /* ScreenTableViewCell.m */,
				EC7F4B240FFD229F006612C6 /* SubScreenTableViewCell.h */,
				EC7F4B250FFD229F006612C6 /* SubScreenTableViewCell.m */,
				ECA9690E10E4BD6C0005B94C /* DisplayTableViewCell.h */,
				ECA9690F10E4BD6C0005B94C /* DisplayTableViewCell.m */,
			);
			name = "Table View Cells";
			sourceTree = "<group>";
		};
		EC84285110D0A9AA003B8416 /* Models */ = {
			isa = PBXGroup;
			children = (
				EC84285210D0A9C0003B8416 /* Category.h */,
				EC84285310D0A9C0003B8416 /* Category.m */,
				EC84285410D0A9C0003B8416 /* Display.h */,
				EC84285510D0A9C0003B8416 /* Display.m */,
				EC84285610D0A9C0003B8416 /* Entry.h */,
				EC84285710D0A9C0003B8416 /* Entry.m */,
				EC84285810D0A9C0003B8416 /* Item.h */,
				EC84285910D0A9C0003B8416 /* Item.m */,
			);
			name = Models;
			sourceTree = "<group>";
		};
		EC86C688107A8E4D00CF68F3 /* intro */ = {
			isa = PBXGroup;
			children = (
				EC86C689107A8E4D00CF68F3 /* intro-1.png */,
				EC86C68A107A8E4D00CF68F3 /* intro-2.png */,
				EC86C68B107A8E4D00CF68F3 /* intro-3.png */,
			);
			path = intro;
			sourceTree = "<group>";
		};
		ECDAE1450FFAAB1700ABD2BC /* keypad */ = {
			isa = PBXGroup;
			children = (
				EC7F4B400FFD268D006612C6 /* bg-sub-screen.png */,
				EC62D1940FFD0AB400D9191C /* bg-screen.png */,
				ECDAE1460FFAAB1700ABD2BC /* 0-down.png */,
				ECDAE1470FFAAB1700ABD2BC /* 0.png */,
				ECDAE1480FFAAB1700ABD2BC /* 1-down.png */,
				ECDAE1490FFAAB1700ABD2BC /* 1.png */,
				ECDAE14A0FFAAB1700ABD2BC /* 2-down.png */,
				ECDAE14B0FFAAB1700ABD2BC /* 2.png */,
				ECDAE14C0FFAAB1700ABD2BC /* 3-down.png */,
				ECDAE14D0FFAAB1700ABD2BC /* 3.png */,
				ECDAE14E0FFAAB1700ABD2BC /* 4-down.png */,
				ECDAE14F0FFAAB1700ABD2BC /* 4.png */,
				ECDAE1500FFAAB1700ABD2BC /* 5-down.png */,
				ECDAE1510FFAAB1700ABD2BC /* 5.png */,
				ECDAE1520FFAAB1700ABD2BC /* 6-down.png */,
				ECDAE1530FFAAB1700ABD2BC /* 6.png */,
				ECDAE1540FFAAB1700ABD2BC /* 7-down.png */,
				ECDAE1550FFAAB1700ABD2BC /* 7.png */,
				ECDAE1560FFAAB1700ABD2BC /* 8-down.png */,
				ECDAE1570FFAAB1700ABD2BC /* 8.png */,
				ECDAE1580FFAAB1700ABD2BC /* 9-down.png */,
				ECDAE1590FFAAB1700ABD2BC /* 9.png */,
				ECDAE15A0FFAAB1700ABD2BC /* bg-keypad.png */,
				ECDAE15B0FFAAB1700ABD2BC /* c-down.png */,
				ECDAE15C0FFAAB1700ABD2BC /* c.png */,
				ECDAE15D0FFAAB1700ABD2BC /* del-down.png */,
				ECDAE15E0FFAAB1700ABD2BC /* del.png */,
				ECDAE15F0FFAAB1700ABD2BC /* dot-down.png */,
				ECDAE1600FFAAB1700ABD2BC /* dot.png */,
				ECDAE1610FFAAB1700ABD2BC /* plus-minus-down.png */,
				ECDAE1620FFAAB1700ABD2BC /* plus-minus.png */,
			);
			path = keypad;
			sourceTree = "<group>";
		};
		ECF3624C10E1947E00EE5FBD /* Stats */ = {
			isa = PBXGroup;
			children = (
				ECF3624D10E194A200EE5FBD /* StatOperation.h */,
				ECF3624E10E194A200EE5FBD /* StatOperation.m */,
			);
			name = Stats;
			sourceTree = "<group>";
		};
		ECFB03390FD4D7F100EEE684 /* Views */ = {
			isa = PBXGroup;
			children = (
				ECC882890FF9232F0092B227 /* PanelColor.h */,
				ECC8828A0FF9232F0092B227 /* PanelColor.m */,
				EC180A251024E9E7004CEFFF /* HelpView.h */,
				EC180A261024E9E7004CEFFF /* HelpView.m */,
				EC86C677107A80F000CF68F3 /* IntroView.h */,
				EC86C678107A80F000CF68F3 /* IntroView.m */,
				ECBB4A0D107BD130009BDFB8 /* AboutView.h */,
				ECBB4A0E107BD130009BDFB8 /* AboutView.m */,
			);
			name = Views;
			sourceTree = "<group>";
		};
/* End PBXGroup section */

/* Begin PBXNativeTarget section */
		1D6058900D05DD3D006BFB54 /* Magpie */ = {
			isa = PBXNativeTarget;
			buildConfigurationList = 1D6058960D05DD3E006BFB54 /* Build configuration list for PBXNativeTarget "Magpie" */;
			buildPhases = (
				1D60588D0D05DD3D006BFB54 /* Resources */,
				1D60588E0D05DD3D006BFB54 /* Sources */,
				1D60588F0D05DD3D006BFB54 /* Frameworks */,
			);
			buildRules = (
			);
			dependencies = (
			);
			name = Magpie;
			productName = Squirrel;
			productReference = 1D6058910D05DD3D006BFB54 /* Magpie.app */;
			productType = "com.apple.product-type.application";
		};
/* End PBXNativeTarget section */

/* Begin PBXProject section */
		29B97313FDCFA39411CA2CEA /* Project object */ = {
			isa = PBXProject;
			buildConfigurationList = C01FCF4E08A954540054247B /* Build configuration list for PBXProject "Magpie" */;
			compatibilityVersion = "Xcode 3.1";
			hasScannedForEncodings = 1;
			knownRegions = (
				English,
				Japanese,
				French,
				German,
				en,
			);
			mainGroup = 29B97314FDCFA39411CA2CEA /* CustomTemplate */;
			projectDirPath = "";
			projectRoot = "";
			targets = (
				1D6058900D05DD3D006BFB54 /* Magpie */,
			);
		};
/* End PBXProject section */

/* Begin PBXResourcesBuildPhase section */
		1D60588D0D05DD3D006BFB54 /* Resources */ = {
			isa = PBXResourcesBuildPhase;
			buildActionMask = 2147483647;
			files = (
				280E754E0DD40C5E005A515E /* MainView.xib in Resources */,
				280E754F0DD40C5E005A515E /* MainWindow.xib in Resources */,
				EC6EB9B20FD1D86400E6F9D8 /* Icon.png in Resources */,
				EC341E550FD5C9EE0003212C /* DataEntryView.xib in Resources */,
				ECE93A980FD8D5A6006BA407 /* KeyPadView.xib in Resources */,
				ECB752C50FF16CAD007CCBCB /* bg.png in Resources */,
				ECDB5B7A0FF3291100FC52FA /* gear.png in Resources */,
				ECDAE1630FFAAB1700ABD2BC /* 0-down.png in Resources */,
				ECDAE1640FFAAB1700ABD2BC /* 0.png in Resources */,
				ECDAE1650FFAAB1700ABD2BC /* 1-down.png in Resources */,
				ECDAE1660FFAAB1700ABD2BC /* 1.png in Resources */,
				ECDAE1670FFAAB1700ABD2BC /* 2-down.png in Resources */,
				ECDAE1680FFAAB1700ABD2BC /* 2.png in Resources */,
				ECDAE1690FFAAB1700ABD2BC /* 3-down.png in Resources */,
				ECDAE16A0FFAAB1700ABD2BC /* 3.png in Resources */,
				ECDAE16B0FFAAB1700ABD2BC /* 4-down.png in Resources */,
				ECDAE16C0FFAAB1700ABD2BC /* 4.png in Resources */,
				ECDAE16D0FFAAB1700ABD2BC /* 5-down.png in Resources */,
				ECDAE16E0FFAAB1700ABD2BC /* 5.png in Resources */,
				ECDAE16F0FFAAB1700ABD2BC /* 6-down.png in Resources */,
				ECDAE1700FFAAB1700ABD2BC /* 6.png in Resources */,
				ECDAE1710FFAAB1700ABD2BC /* 7-down.png in Resources */,
				ECDAE1720FFAAB1700ABD2BC /* 7.png in Resources */,
				ECDAE1730FFAAB1700ABD2BC /* 8-down.png in Resources */,
				ECDAE1740FFAAB1700ABD2BC /* 8.png in Resources */,
				ECDAE1750FFAAB1700ABD2BC /* 9-down.png in Resources */,
				ECDAE1760FFAAB1700ABD2BC /* 9.png in Resources */,
				ECDAE1770FFAAB1700ABD2BC /* bg-keypad.png in Resources */,
				ECDAE1780FFAAB1700ABD2BC /* c-down.png in Resources */,
				ECDAE1790FFAAB1700ABD2BC /* c.png in Resources */,
				ECDAE17A0FFAAB1700ABD2BC /* del-down.png in Resources */,
				ECDAE17B0FFAAB1700ABD2BC /* del.png in Resources */,
				ECDAE17C0FFAAB1700ABD2BC /* dot-down.png in Resources */,
				ECDAE17D0FFAAB1700ABD2BC /* dot.png in Resources */,
				ECDAE17E0FFAAB1700ABD2BC /* plus-minus-down.png in Resources */,
				ECDAE17F0FFAAB1700ABD2BC /* plus-minus.png in Resources */,
				EC62D1950FFD0AB400D9191C /* bg-screen.png in Resources */,
				EC7F4B410FFD268D006612C6 /* bg-sub-screen.png in Resources */,
				ECAE8CA2107291390047273C /* Default.png in Resources */,
				EC799DB01077F48D00A1ADF1 /* Entitlements.plist in Resources */,
				EC799DBF1077F77A00A1ADF1 /* iTunesArtwork in Resources */,
				EC86C623107A438300CF68F3 /* logo-toolbar.png in Resources */,
				EC86C63B107A45BB00CF68F3 /* IntroView.xib in Resources */,
				EC86C68C107A8E4D00CF68F3 /* intro-1.png in Resources */,
				EC86C68D107A8E4D00CF68F3 /* intro-2.png in Resources */,
				EC86C68E107A8E4D00CF68F3 /* intro-3.png in Resources */,
				ECBB4A12107BD303009BDFB8 /* logo.png in Resources */,
				ECECDB5E10FDEBD200B47F5E /* placeholder.png in Resources */,
			);
			runOnlyForDeploymentPostprocessing = 0;
		};
/* End PBXResourcesBuildPhase section */

/* Begin PBXSourcesBuildPhase section */
		1D60588E0D05DD3D006BFB54 /* Sources */ = {
			isa = PBXSourcesBuildPhase;
			buildActionMask = 2147483647;
			files = (
				1D60589B0D05DD56006BFB54 /* main.m in Sources */,
				1D3623260D0F684500981E51 /* MagpieAppDelegate.m in Sources */,
				289233AE0DB2D0DB0083E9F9 /* MainViewController.m in Sources */,
				289233B00DB2D0DB0083E9F9 /* FlipsideViewController.m in Sources */,
				EC6EB8E20FD1B81E00E6F9D8 /* EditableTableViewCell.m in Sources */,
				EC6EB9560FD1CFDC00E6F9D8 /* CategoryViewController.m in Sources */,
				ECFB00510FD46F6600EEE684 /* DisplayViewController.m in Sources */,
				ECFB00B80FD4830300EEE684 /* SelectCategoryViewController.m in Sources */,
				ECFB01450FD48F3B00EEE684 /* SelectPanelTypeViewController.m in Sources */,
				ECFB01650FD49CE000EEE684 /* SelectableTableViewCell.m in Sources */,
				ECFB01E90FD4AD3900EEE684 /* InfoTableViewCell.m in Sources */,
				EC341D9D0FD5AAE40003212C /* EntryViewController.m in Sources */,
				EC341E540FD5C9EE0003212C /* QuickEntryViewController.m in Sources */,
				ECE93A960FD8D48D006BA407 /* KeyPadViewController.m in Sources */,
				ECC882650FF91A5E0092B227 /* SelectPanelColorViewController.m in Sources */,
				ECC8828B0FF9232F0092B227 /* PanelColor.m in Sources */,
				EC62D18F0FFD09DD00D9191C /* ScreenTableViewCell.m in Sources */,
				EC7F4B260FFD229F006612C6 /* SubScreenTableViewCell.m in Sources */,
				EC180A271024E9E7004CEFFF /* HelpView.m in Sources */,
				EC9D94881077DA1600A06171 /* Magpie.xcdatamodel in Sources */,
				EC86C639107A44DC00CF68F3 /* IntroViewController.m in Sources */,
				EC86C679107A80F000CF68F3 /* IntroView.m in Sources */,
				ECBB4A0F107BD130009BDFB8 /* AboutView.m in Sources */,
				EC84285A10D0A9C0003B8416 /* Category.m in Sources */,
				EC84285B10D0A9C0003B8416 /* Display.m in Sources */,
				EC84285C10D0A9C0003B8416 /* Entry.m in Sources */,
				EC84285D10D0A9C0003B8416 /* Item.m in Sources */,
				ECF3624F10E194A200EE5FBD /* StatOperation.m in Sources */,
				ECA9691010E4BD6C0005B94C /* DisplayTableViewCell.m in Sources */,
			);
			runOnlyForDeploymentPostprocessing = 0;
		};
/* End PBXSourcesBuildPhase section */

/* Begin XCBuildConfiguration section */
		1D6058940D05DD3E006BFB54 /* Debug */ = {
			isa = XCBuildConfiguration;
			buildSettings = {
				ALWAYS_SEARCH_USER_PATHS = NO;
				COPY_PHASE_STRIP = NO;
				GCC_DYNAMIC_NO_PIC = NO;
				GCC_OPTIMIZATION_LEVEL = 0;
				GCC_PRECOMPILE_PREFIX_HEADER = YES;
				GCC_PREFIX_HEADER = Magpie_Prefix.pch;
				INFOPLIST_FILE = "Magpie-Info.plist";
				PRODUCT_NAME = Magpie;
			};
			name = Debug;
		};
		1D6058950D05DD3E006BFB54 /* Release */ = {
			isa = XCBuildConfiguration;
			buildSettings = {
				ALWAYS_SEARCH_USER_PATHS = NO;
				CODE_SIGN_ENTITLEMENTS = Entitlements.plist;
				COPY_PHASE_STRIP = YES;
				GCC_PRECOMPILE_PREFIX_HEADER = YES;
				GCC_PREFIX_HEADER = Magpie_Prefix.pch;
				INFOPLIST_FILE = "Magpie-Info.plist";
				PRODUCT_NAME = Magpie;
			};
			name = Release;
		};
		C01FCF4F08A954540054247B /* Debug */ = {
			isa = XCBuildConfiguration;
			buildSettings = {
				ARCHS = "$(ARCHS_STANDARD_32_BIT)";
				"CODE_SIGN_IDENTITY[sdk=iphoneos*]" = "iPhone Developer: Taylan Pince";
				GCC_C_LANGUAGE_STANDARD = c99;
				GCC_WARN_ABOUT_RETURN_TYPE = YES;
				GCC_WARN_UNUSED_VARIABLE = YES;
				ONLY_ACTIVE_ARCH = YES;
				PREBINDING = NO;
				"PROVISIONING_PROFILE[sdk=iphoneos*]" = "70A11C8D-A2D3-4975-8BDC-2F94BB287000";
				SDKROOT = iphoneos3.0;
			};
			name = Debug;
		};
		C01FCF5008A954540054247B /* Release */ = {
			isa = XCBuildConfiguration;
			buildSettings = {
				ARCHS = "$(ARCHS_STANDARD_32_BIT)";
				"CODE_SIGN_IDENTITY[sdk=iphoneos*]" = "iPhone Distribution: Taylan Pince";
				GCC_C_LANGUAGE_STANDARD = c99;
				GCC_WARN_ABOUT_RETURN_TYPE = YES;
				GCC_WARN_UNUSED_VARIABLE = YES;
				PREBINDING = NO;
				"PROVISIONING_PROFILE[sdk=iphoneos*]" = "E062DC34-CEDB-4897-9369-E23B4DCFF8EB";
				SDKROOT = iphoneos3.0;
			};
			name = Release;
		};
/* End XCBuildConfiguration section */

/* Begin XCConfigurationList section */
		1D6058960D05DD3E006BFB54 /* Build configuration list for PBXNativeTarget "Magpie" */ = {
			isa = XCConfigurationList;
			buildConfigurations = (
				1D6058940D05DD3E006BFB54 /* Debug */,
				1D6058950D05DD3E006BFB54 /* Release */,
			);
			defaultConfigurationIsVisible = 0;
			defaultConfigurationName = Release;
		};
		C01FCF4E08A954540054247B /* Build configuration list for PBXProject "Magpie" */ = {
			isa = XCConfigurationList;
			buildConfigurations = (
				C01FCF4F08A954540054247B /* Debug */,
				C01FCF5008A954540054247B /* Release */,
			);
			defaultConfigurationIsVisible = 0;
			defaultConfigurationName = Release;
		};
/* End XCConfigurationList section */
	};
	rootObject = 29B97313FDCFA39411CA2CEA /* Project object */;
}
